
Microsoft Visual Studio Solution File, Format Version 11.00
# Visual Studio 2010
Project("{8BC9CEB8-8B4A-11D0-8D11-00A0C91BC942}") = "xe_mysql", "xe_mysql\xe_mysql.vcxproj", "{20DE1668-BEDE-4B6D-9E16-1E57D23EA776}"
EndProject
Global
	GlobalSection(SolutionConfigurationPlatforms) = preSolution
		Debug|Win32 = Debug|Win32
		Release|Win32 = Release|Win32
	EndGlobalSection
	GlobalSection(ProjectConfigurationPlatforms) = postSolution
		{20DE1668-BEDE-4B6D-9E16-1E57D23EA776}.Debug|Win32.ActiveCfg = Debug|Win32
		{20DE1668-BEDE-4B6D-9E16-1E57D23EA776}.Debug|Win32.Build.0 = Debug|Win32
		{20DE1668-BEDE-4B6D-9E16-1E57D23EA776}.Release|Win32.ActiveCfg = Release|Win32
		{20DE1668-BEDE-4B6D-9E16-1E57D23EA776}.Release|Win32.Build.0 = Release|Win32
	EndGlobalSection
	GlobalSection(SolutionProperties) = preSolution
		HideSolutionNode = FALSE
	EndGlobalSection
EndGlobal
